
Microsoft Visual Studio Solution File, Format Version 12.00
# Visual Studio Version 17
VisualStudioVersion = 17.1.32113.165
MinimumVisualStudioVersion = 10.0.40219.1
Project("{FAE04EC0-301F-11D3-BF4B-00C04F79EFBC}") = "Game.Model", "Game.Model\Game.Model.csproj", "{7B45784C-CA7A-4504-A1D3-D5FEE61A38FF}"
EndProject
Project("{FAE04EC0-301F-11D3-BF4B-00C04F79EFBC}") = "Game.DB.Lib", "Game.DB.Lib\Game.DB.Lib.csproj", "{998C6D7D-6DF4-4D12-9C6D-307B9296288E}"
EndProject
Project("{FAE04EC0-301F-11D3-BF4B-00C04F79EFBC}") = "Test.GameDB", "Test.GameDB\Test.GameDB.csproj", "{5B21A623-6DB4-490A-B831-88B2460AD1D2}"
EndProject
Global
	GlobalSection(SolutionConfigurationPlatforms) = preSolution
		Debug|Any CPU = Debug|Any CPU
		Release|Any CPU = Release|Any CPU
	EndGlobalSection
	GlobalSection(ProjectConfigurationPlatforms) = postSolution
		{7B45784C-CA7A-4504-A1D3-D5FEE61A38FF}.Debug|Any CPU.ActiveCfg = Debug|Any CPU
		{7B45784C-CA7A-4504-A1D3-D5FEE61A38FF}.Debug|Any CPU.Build.0 = Debug|Any CPU
		{7B45784C-CA7A-4504-A1D3-D5FEE61A38FF}.Release|Any CPU.ActiveCfg = Release|Any CPU
		{7B45784C-CA7A-4504-A1D3-D5FEE61A38FF}.Release|Any CPU.Build.0 = Release|Any CPU
		{998C6D7D-6DF4-4D12-9C6D-307B9296288E}.Debug|Any CPU.ActiveCfg = Debug|Any CPU
		{998C6D7D-6DF4-4D12-9C6D-307B9296288E}.Debug|Any CPU.Build.0 = Debug|Any CPU
		{998C6D7D-6DF4-4D12-9C6D-307B9296288E}.Release|Any CPU.ActiveCfg = Release|Any CPU
		{998C6D7D-6DF4-4D12-9C6D-307B9296288E}.Release|Any CPU.Build.0 = Release|Any CPU
		{5B21A623-6DB4-490A-B831-88B2460AD1D2}.Debug|Any CPU.ActiveCfg = Debug|Any CPU
		{5B21A623-6DB4-490A-B831-88B2460AD1D2}.Debug|Any CPU.Build.0 = Debug|Any CPU
		{5B21A623-6DB4-490A-B831-88B2460AD1D2}.Release|Any CPU.ActiveCfg = Release|Any CPU
		{5B21A623-6DB4-490A-B831-88B2460AD1D2}.Release|Any CPU.Build.0 = Release|Any CPU
	EndGlobalSection
	GlobalSection(SolutionProperties) = preSolution
		HideSolutionNode = FALSE
	EndGlobalSection
	GlobalSection(ExtensibilityGlobals) = postSolution
		SolutionGuid = {001271F2-1CC0-4B51-912F-2BFE10BE2094}
	EndGlobalSection
EndGlobal
